{
  "name": "resume",
  "version": "0.0.1",
  "lockfileVersion": 3,
  "requires": true,
  "packages": {
    "": {
      "name": "resume",
      "version": "0.0.1",
      "devDependencies": {
        "@expo-google-fonts/eb-garamond": "^0.4.2",
        "@fortawesome/fontawesome-free": "^6.7.2"
      }
    },
    "node_modules/@expo-google-fonts/eb-garamond": {
      "version": "0.4.2",
      "resolved": "https://registry.npmjs.org/@expo-google-fonts/eb-garamond/-/eb-garamond-0.4.2.tgz",
      "integrity": "sha512-tkw/RNj3sLpOfasAYF1wrh8XnKspHXmoNf6StJ4LDvFlRpDCXXtG8sxkyjab1ncnlgK8iRUC8FugmYMr55YCHw==",
      "dev": true,
      "license": "MIT AND OFL-1.1"
    },
    "node_modules/@fortawesome/fontawesome-free": {
      "version": "6.7.2",
      "resolved": "https://registry.npmjs.org/@fortawesome/fontawesome-free/-/fontawesome-free-6.7.2.tgz",
      "integrity": "sha512-JUOtgFW6k9u4Y+xeIaEiLr3+cjoUPiAuLXoyKOJSia6Duzb7pq+A76P9ZdPDoAoxHdHzq6gE9/jKBGXlZT8FbA==",
      "dev": true,
      "license": "(CC-BY-4.0 AND OFL-1.1 AND MIT)",
      "engines": {
        "node": ">=6"
      }
    }
  }
}
